
Microsoft Visual Studio Solution File, Format Version 12.00
# Visual Studio Version 17
VisualStudioVersion = 17.6.33815.320
MinimumVisualStudioVersion = 10.0.40219.1
Project("{FAE04EC0-301F-11D3-BF4B-00C04F79EFBC}") = "Quini", "Quini.csproj", "{433663A1-EA6F-43F6-B232-99DFB41FE040}"
EndProject
Global
	GlobalSection(SolutionConfigurationPlatforms) = preSolution
		Debug|Any CPU = Debug|Any CPU
		Release|Any CPU = Release|Any CPU
	EndGlobalSection
	GlobalSection(ProjectConfigurationPlatforms) = postSolution
		{433663A1-EA6F-43F6-B232-99DFB41FE040}.Debug|Any CPU.ActiveCfg = Debug|Any CPU
		{433663A1-EA6F-43F6-B232-99DFB41FE040}.Debug|Any CPU.Build.0 = Debug|Any CPU
		{433663A1-EA6F-43F6-B232-99DFB41FE040}.Release|Any CPU.ActiveCfg = Release|Any CPU
		{433663A1-EA6F-43F6-B232-99DFB41FE040}.Release|Any CPU.Build.0 = Release|Any CPU
	EndGlobalSection
	GlobalSection(SolutionProperties) = preSolution
		HideSolutionNode = FALSE
	EndGlobalSection
	GlobalSection(ExtensibilityGlobals) = postSolution
		SolutionGuid = {D36EE149-D473-4C50-A9F7-3D3DC0990905}
	EndGlobalSection
EndGlobal
