
Microsoft Visual Studio Solution File, Format Version 12.00
# Visual Studio Version 17
VisualStudioVersion = 17.0.31903.59
MinimumVisualStudioVersion = 10.0.40219.1
Project("{FAE04EC0-301F-11D3-BF4B-00C04F79EFBC}") = "Numeros", "Numeros.csproj", "{080E06BD-949F-4ACE-A690-BC927327DE0E}"
EndProject
Global
	GlobalSection(SolutionConfigurationPlatforms) = preSolution
		Debug|Any CPU = Debug|Any CPU
		Release|Any CPU = Release|Any CPU
	EndGlobalSection
	GlobalSection(SolutionProperties) = preSolution
		HideSolutionNode = FALSE
	EndGlobalSection
	GlobalSection(ProjectConfigurationPlatforms) = postSolution
		{080E06BD-949F-4ACE-A690-BC927327DE0E}.Debug|Any CPU.ActiveCfg = Debug|Any CPU
		{080E06BD-949F-4ACE-A690-BC927327DE0E}.Debug|Any CPU.Build.0 = Debug|Any CPU
		{080E06BD-949F-4ACE-A690-BC927327DE0E}.Release|Any CPU.ActiveCfg = Release|Any CPU
		{080E06BD-949F-4ACE-A690-BC927327DE0E}.Release|Any CPU.Build.0 = Release|Any CPU
		{BA3A7486-C11F-4E9C-94A0-D16318768645}.Debug|Any CPU.ActiveCfg = Debug|Any CPU
		{BA3A7486-C11F-4E9C-94A0-D16318768645}.Debug|Any CPU.Build.0 = Debug|Any CPU
		{BA3A7486-C11F-4E9C-94A0-D16318768645}.Release|Any CPU.ActiveCfg = Release|Any CPU
		{BA3A7486-C11F-4E9C-94A0-D16318768645}.Release|Any CPU.Build.0 = Release|Any CPU
	EndGlobalSection
EndGlobal
