
Microsoft Visual Studio Solution File, Format Version 12.00
# Visual Studio Version 17
VisualStudioVersion = 17.6.33815.320
MinimumVisualStudioVersion = 10.0.40219.1
Project("{FAE04EC0-301F-11D3-BF4B-00C04F79EFBC}") = "CodigosPostales", "CodigosPostales.csproj", "{A91C27F4-9DFF-4A5D-8266-52EA3F09DED7}"
EndProject
Global
	GlobalSection(SolutionConfigurationPlatforms) = preSolution
		Debug|Any CPU = Debug|Any CPU
		Release|Any CPU = Release|Any CPU
	EndGlobalSection
	GlobalSection(ProjectConfigurationPlatforms) = postSolution
		{A91C27F4-9DFF-4A5D-8266-52EA3F09DED7}.Debug|Any CPU.ActiveCfg = Debug|Any CPU
		{A91C27F4-9DFF-4A5D-8266-52EA3F09DED7}.Debug|Any CPU.Build.0 = Debug|Any CPU
		{A91C27F4-9DFF-4A5D-8266-52EA3F09DED7}.Release|Any CPU.ActiveCfg = Release|Any CPU
		{A91C27F4-9DFF-4A5D-8266-52EA3F09DED7}.Release|Any CPU.Build.0 = Release|Any CPU
	EndGlobalSection
	GlobalSection(SolutionProperties) = preSolution
		HideSolutionNode = FALSE
	EndGlobalSection
	GlobalSection(ExtensibilityGlobals) = postSolution
		SolutionGuid = {69735114-AC0C-4341-A898-4C8C23A8390F}
	EndGlobalSection
EndGlobal
