
Microsoft Visual Studio Solution File, Format Version 12.00
# Visual Studio Version 17
VisualStudioVersion = 17.0.31903.59
MinimumVisualStudioVersion = 10.0.40219.1
Project("{FAE04EC0-301F-11D3-BF4B-00C04F79EFBC}") = "Ascensor", "Ascensor\Ascensor.csproj", "{61C62123-E48F-478B-8D54-B4E6E8C65549}"
EndProject
Project("{FAE04EC0-301F-11D3-BF4B-00C04F79EFBC}") = "TestAscensor", "TestAscensor\TestAscensor.csproj", "{0A759227-DDCA-4FB7-98B9-062A63C71D67}"
EndProject
Global
	GlobalSection(SolutionConfigurationPlatforms) = preSolution
		Debug|Any CPU = Debug|Any CPU
		Release|Any CPU = Release|Any CPU
	EndGlobalSection
	GlobalSection(SolutionProperties) = preSolution
		HideSolutionNode = FALSE
	EndGlobalSection
	GlobalSection(ProjectConfigurationPlatforms) = postSolution
		{61C62123-E48F-478B-8D54-B4E6E8C65549}.Debug|Any CPU.ActiveCfg = Debug|Any CPU
		{61C62123-E48F-478B-8D54-B4E6E8C65549}.Debug|Any CPU.Build.0 = Debug|Any CPU
		{61C62123-E48F-478B-8D54-B4E6E8C65549}.Release|Any CPU.ActiveCfg = Release|Any CPU
		{61C62123-E48F-478B-8D54-B4E6E8C65549}.Release|Any CPU.Build.0 = Release|Any CPU
		{0A759227-DDCA-4FB7-98B9-062A63C71D67}.Debug|Any CPU.ActiveCfg = Debug|Any CPU
		{0A759227-DDCA-4FB7-98B9-062A63C71D67}.Debug|Any CPU.Build.0 = Debug|Any CPU
		{0A759227-DDCA-4FB7-98B9-062A63C71D67}.Release|Any CPU.ActiveCfg = Release|Any CPU
		{0A759227-DDCA-4FB7-98B9-062A63C71D67}.Release|Any CPU.Build.0 = Release|Any CPU
	EndGlobalSection
EndGlobal
