
Microsoft Visual Studio Solution File, Format Version 12.00
# Visual Studio Version 17
VisualStudioVersion = 17.5.002.0
MinimumVisualStudioVersion = 10.0.40219.1
Project("{9A19103F-16F7-4668-BE54-9A1E7A4F7556}") = "EFInicial", "EFInicial\EFInicial.csproj", "{195754F3-84D0-4BE7-BE46-754B5EA1BD9F}"
EndProject
Global
	GlobalSection(SolutionConfigurationPlatforms) = preSolution
		Debug|Any CPU = Debug|Any CPU
		Release|Any CPU = Release|Any CPU
	EndGlobalSection
	GlobalSection(ProjectConfigurationPlatforms) = postSolution
		{195754F3-84D0-4BE7-BE46-754B5EA1BD9F}.Debug|Any CPU.ActiveCfg = Debug|Any CPU
		{195754F3-84D0-4BE7-BE46-754B5EA1BD9F}.Debug|Any CPU.Build.0 = Debug|Any CPU
		{195754F3-84D0-4BE7-BE46-754B5EA1BD9F}.Release|Any CPU.ActiveCfg = Release|Any CPU
		{195754F3-84D0-4BE7-BE46-754B5EA1BD9F}.Release|Any CPU.Build.0 = Release|Any CPU
	EndGlobalSection
	GlobalSection(SolutionProperties) = preSolution
		HideSolutionNode = FALSE
	EndGlobalSection
	GlobalSection(ExtensibilityGlobals) = postSolution
		SolutionGuid = {7A2CA906-1C98-49E3-ADBF-288F6CB33526}
	EndGlobalSection
EndGlobal
